
Microsoft Visual Studio Solution File, Format Version 12.00
# Visual Studio Version 17
VisualStudioVersion = 17.6.33829.357
MinimumVisualStudioVersion = 10.0.40219.1
Project("{9A19103F-16F7-4668-BE54-9A1E7A4F7556}") = "Lecture8", "Lecture8\Lecture8.csproj", "{65C37A90-8AE3-48F6-B8E9-8E7D4A22DCA6}"
EndProject
Project("{FAE04EC0-301F-11D3-BF4B-00C04F79EFBC}") = "School", "School\School.csproj", "{F06B4932-E43D-4053-8891-8FAB5FB051A9}"
EndProject
Global
	GlobalSection(SolutionConfigurationPlatforms) = preSolution
		Debug|Any CPU = Debug|Any CPU
		Release|Any CPU = Release|Any CPU
	EndGlobalSection
	GlobalSection(ProjectConfigurationPlatforms) = postSolution
		{65C37A90-8AE3-48F6-B8E9-8E7D4A22DCA6}.Debug|Any CPU.ActiveCfg = Debug|Any CPU
		{65C37A90-8AE3-48F6-B8E9-8E7D4A22DCA6}.Debug|Any CPU.Build.0 = Debug|Any CPU
		{65C37A90-8AE3-48F6-B8E9-8E7D4A22DCA6}.Release|Any CPU.ActiveCfg = Release|Any CPU
		{65C37A90-8AE3-48F6-B8E9-8E7D4A22DCA6}.Release|Any CPU.Build.0 = Release|Any CPU
		{F06B4932-E43D-4053-8891-8FAB5FB051A9}.Debug|Any CPU.ActiveCfg = Debug|Any CPU
		{F06B4932-E43D-4053-8891-8FAB5FB051A9}.Debug|Any CPU.Build.0 = Debug|Any CPU
		{F06B4932-E43D-4053-8891-8FAB5FB051A9}.Release|Any CPU.ActiveCfg = Release|Any CPU
		{F06B4932-E43D-4053-8891-8FAB5FB051A9}.Release|Any CPU.Build.0 = Release|Any CPU
	EndGlobalSection
	GlobalSection(SolutionProperties) = preSolution
		HideSolutionNode = FALSE
	EndGlobalSection
	GlobalSection(ExtensibilityGlobals) = postSolution
		SolutionGuid = {197CBB24-571B-49D6-890A-280F5B768491}
	EndGlobalSection
EndGlobal
